
Microsoft Visual Studio Solution File, Format Version 12.00
# Visual Studio Version 16
VisualStudioVersion = 16.0.31729.503
MinimumVisualStudioVersion = 10.0.40219.1
Project("{FAE04EC0-301F-11D3-BF4B-00C04F79EFBC}") = "AppExercPooContaBancaria", "AppExercPooContaBancaria.csproj", "{1FB6FC37-6631-4EC9-9813-41FE9BB2BFEA}"
EndProject
Global
	GlobalSection(SolutionConfigurationPlatforms) = preSolution
		Debug|Any CPU = Debug|Any CPU
		Release|Any CPU = Release|Any CPU
	EndGlobalSection
	GlobalSection(ProjectConfigurationPlatforms) = postSolution
		{1FB6FC37-6631-4EC9-9813-41FE9BB2BFEA}.Debug|Any CPU.ActiveCfg = Debug|Any CPU
		{1FB6FC37-6631-4EC9-9813-41FE9BB2BFEA}.Debug|Any CPU.Build.0 = Debug|Any CPU
		{1FB6FC37-6631-4EC9-9813-41FE9BB2BFEA}.Release|Any CPU.ActiveCfg = Release|Any CPU
		{1FB6FC37-6631-4EC9-9813-41FE9BB2BFEA}.Release|Any CPU.Build.0 = Release|Any CPU
	EndGlobalSection
	GlobalSection(SolutionProperties) = preSolution
		HideSolutionNode = FALSE
	EndGlobalSection
	GlobalSection(ExtensibilityGlobals) = postSolution
		SolutionGuid = {6C8BA430-4112-405F-A38C-D2844FB3FB57}
	EndGlobalSection
EndGlobal
